
Microsoft Visual Studio Solution File, Format Version 12.00
# Visual Studio 15
VisualStudioVersion = 15.0.28010.2016
MinimumVisualStudioVersion = 10.0.40219.1
Project("{9A19103F-16F7-4668-BE54-9A1E7A4F7556}") = "NICE.Identity", "NICE.Identity\NICE.Identity.csproj", "{94687673-DE30-4345-831A-294E0BA149A7}"
EndProject
Project("{FAE04EC0-301F-11D3-BF4B-00C04F79EFBC}") = "NICE.Identity.Test", "NICE.Identity.Test\NICE.Identity.Test.csproj", "{D5BD7E9C-6AC9-482B-A041-7A0ADF64D9E6}"
EndProject
Global
	GlobalSection(SolutionConfigurationPlatforms) = preSolution
		Debug|Any CPU = Debug|Any CPU
		Release|Any CPU = Release|Any CPU
	EndGlobalSection
	GlobalSection(ProjectConfigurationPlatforms) = postSolution
		{94687673-DE30-4345-831A-294E0BA149A7}.Debug|Any CPU.ActiveCfg = Debug|Any CPU
		{94687673-DE30-4345-831A-294E0BA149A7}.Debug|Any CPU.Build.0 = Debug|Any CPU
		{94687673-DE30-4345-831A-294E0BA149A7}.Release|Any CPU.ActiveCfg = Release|Any CPU
		{94687673-DE30-4345-831A-294E0BA149A7}.Release|Any CPU.Build.0 = Release|Any CPU
		{D5BD7E9C-6AC9-482B-A041-7A0ADF64D9E6}.Debug|Any CPU.ActiveCfg = Debug|Any CPU
		{D5BD7E9C-6AC9-482B-A041-7A0ADF64D9E6}.Debug|Any CPU.Build.0 = Debug|Any CPU
		{D5BD7E9C-6AC9-482B-A041-7A0ADF64D9E6}.Release|Any CPU.ActiveCfg = Release|Any CPU
		{D5BD7E9C-6AC9-482B-A041-7A0ADF64D9E6}.Release|Any CPU.Build.0 = Release|Any CPU
	EndGlobalSection
	GlobalSection(SolutionProperties) = preSolution
		HideSolutionNode = FALSE
	EndGlobalSection
	GlobalSection(ExtensibilityGlobals) = postSolution
		SolutionGuid = {03D45238-C53B-4C50-8057-FFBBF8579DC1}
	EndGlobalSection
EndGlobal
